Microsoft Visual Studio Solution File, Format Version 12.00
# Visual Studio Version 17
VisualStudioVersion = 17.12.35527.113
MinimumVisualStudioVersion = 10.0.40219.1
Project("{FC65038C-1B2F-41E1-A629-BED71D161FFF}") = "testnew23", "testnew23\testnew23.rnrproj", "{1DD78EA3-6FF7-44CB-9FB7-CB2A22AB308B}"
EndProject
Global
	GlobalSection(SolutionConfigurationPlatforms) = preSolution
		Debug|Any CPU = Debug|Any CPU
	EndGlobalSection
	GlobalSection(ProjectConfigurationPlatforms) = postSolution
		{1DD78EA3-6FF7-44CB-9FB7-CB2A22AB308B}.Debug|Any CPU.ActiveCfg = Debug|Any CPU
		{1DD78EA3-6FF7-44CB-9FB7-CB2A22AB308B}.Debug|Any CPU.Build.0 = Debug|Any CPU
	EndGlobalSection
	GlobalSection(SolutionProperties) = preSolution
		HideSolutionNode = FALSE
	EndGlobalSection
EndGlobal
